
Microsoft Visual Studio Solution File, Format Version 12.00
# Visual Studio Version 16
VisualStudioVersion = 16.0.31624.102
MinimumVisualStudioVersion = 10.0.40219.1
Project("{FAE04EC0-301F-11D3-BF4B-00C04F79EFBC}") = "KRaymondMinesweeper", "KRaymondMinesweeper\KRaymondMinesweeper.csproj", "{EBC6E372-CED4-4F3E-9F38-85104BEDA9FD}"
EndProject
Global
	GlobalSection(SolutionConfigurationPlatforms) = preSolution
		Debug|Any CPU = Debug|Any CPU
		Release|Any CPU = Release|Any CPU
	EndGlobalSection
	GlobalSection(ProjectConfigurationPlatforms) = postSolution
		{EBC6E372-CED4-4F3E-9F38-85104BEDA9FD}.Debug|Any CPU.ActiveCfg = Debug|Any CPU
		{EBC6E372-CED4-4F3E-9F38-85104BEDA9FD}.Debug|Any CPU.Build.0 = Debug|Any CPU
		{EBC6E372-CED4-4F3E-9F38-85104BEDA9FD}.Release|Any CPU.ActiveCfg = Release|Any CPU
		{EBC6E372-CED4-4F3E-9F38-85104BEDA9FD}.Release|Any CPU.Build.0 = Release|Any CPU
	EndGlobalSection
	GlobalSection(SolutionProperties) = preSolution
		HideSolutionNode = FALSE
	EndGlobalSection
	GlobalSection(ExtensibilityGlobals) = postSolution
		SolutionGuid = {8873F2D5-C28E-41E0-9088-0FDA3CBEB1CB}
	EndGlobalSection
EndGlobal
