
Microsoft Visual Studio Solution File, Format Version 12.00
# Visual Studio Version 17
VisualStudioVersion = 17.0.32126.317
MinimumVisualStudioVersion = 10.0.40219.1
Project("{FAE04EC0-301F-11D3-BF4B-00C04F79EFBC}") = "DFAImplementation", "DFAImplementation\DFAImplementation.csproj", "{85E1421C-C651-435D-85A6-E27D05A0DC91}"
EndProject
Global
	GlobalSection(SolutionConfigurationPlatforms) = preSolution
		Debug|Any CPU = Debug|Any CPU
		Release|Any CPU = Release|Any CPU
	EndGlobalSection
	GlobalSection(ProjectConfigurationPlatforms) = postSolution
		{85E1421C-C651-435D-85A6-E27D05A0DC91}.Debug|Any CPU.ActiveCfg = Debug|Any CPU
		{85E1421C-C651-435D-85A6-E27D05A0DC91}.Debug|Any CPU.Build.0 = Debug|Any CPU
		{85E1421C-C651-435D-85A6-E27D05A0DC91}.Release|Any CPU.ActiveCfg = Release|Any CPU
		{85E1421C-C651-435D-85A6-E27D05A0DC91}.Release|Any CPU.Build.0 = Release|Any CPU
	EndGlobalSection
	GlobalSection(SolutionProperties) = preSolution
		HideSolutionNode = FALSE
	EndGlobalSection
	GlobalSection(ExtensibilityGlobals) = postSolution
		SolutionGuid = {58B7A443-FCA0-4D3F-B51A-E3C99BC474D2}
	EndGlobalSection
EndGlobal
