
Microsoft Visual Studio Solution File, Format Version 12.00
# Visual Studio Version 16
VisualStudioVersion = 16.0.31624.102
MinimumVisualStudioVersion = 10.0.40219.1
Project("{FAE04EC0-301F-11D3-BF4B-00C04F79EFBC}") = "InClassPracticeArrays", "InClassPracticeArrays\InClassPracticeArrays.csproj", "{809D0644-6AC2-4173-8742-B4E8B4472C87}"
EndProject
Global
	GlobalSection(SolutionConfigurationPlatforms) = preSolution
		Debug|Any CPU = Debug|Any CPU
		Release|Any CPU = Release|Any CPU
	EndGlobalSection
	GlobalSection(ProjectConfigurationPlatforms) = postSolution
		{809D0644-6AC2-4173-8742-B4E8B4472C87}.Debug|Any CPU.ActiveCfg = Debug|Any CPU
		{809D0644-6AC2-4173-8742-B4E8B4472C87}.Debug|Any CPU.Build.0 = Debug|Any CPU
		{809D0644-6AC2-4173-8742-B4E8B4472C87}.Release|Any CPU.ActiveCfg = Release|Any CPU
		{809D0644-6AC2-4173-8742-B4E8B4472C87}.Release|Any CPU.Build.0 = Release|Any CPU
	EndGlobalSection
	GlobalSection(SolutionProperties) = preSolution
		HideSolutionNode = FALSE
	EndGlobalSection
	GlobalSection(ExtensibilityGlobals) = postSolution
		SolutionGuid = {3C2C3689-ADD1-4F6C-9327-30DC7AD4FC0B}
	EndGlobalSection
EndGlobal
