
Microsoft Visual Studio Solution File, Format Version 12.00
# Visual Studio Version 16
VisualStudioVersion = 16.0.31624.102
MinimumVisualStudioVersion = 10.0.40219.1
Project("{FAE04EC0-301F-11D3-BF4B-00C04F79EFBC}") = "LINQPractice", "LINQPractice\LINQPractice.csproj", "{E6ECC650-42C7-4377-8948-1FA95E03674F}"
EndProject
Global
	GlobalSection(SolutionConfigurationPlatforms) = preSolution
		Debug|Any CPU = Debug|Any CPU
		Release|Any CPU = Release|Any CPU
	EndGlobalSection
	GlobalSection(ProjectConfigurationPlatforms) = postSolution
		{E6ECC650-42C7-4377-8948-1FA95E03674F}.Debug|Any CPU.ActiveCfg = Debug|Any CPU
		{E6ECC650-42C7-4377-8948-1FA95E03674F}.Debug|Any CPU.Build.0 = Debug|Any CPU
		{E6ECC650-42C7-4377-8948-1FA95E03674F}.Release|Any CPU.ActiveCfg = Release|Any CPU
		{E6ECC650-42C7-4377-8948-1FA95E03674F}.Release|Any CPU.Build.0 = Release|Any CPU
	EndGlobalSection
	GlobalSection(SolutionProperties) = preSolution
		HideSolutionNode = FALSE
	EndGlobalSection
	GlobalSection(ExtensibilityGlobals) = postSolution
		SolutionGuid = {83ACF363-28C4-42B7-969C-D1C18A2D80E5}
	EndGlobalSection
EndGlobal
