
Microsoft Visual Studio Solution File, Format Version 12.00
# Visual Studio Version 16
VisualStudioVersion = 16.0.31624.102
MinimumVisualStudioVersion = 10.0.40219.1
Project("{FAE04EC0-301F-11D3-BF4B-00C04F79EFBC}") = "MinesweeperMenuPractice", "MinesweeperMenuPractice\MinesweeperMenuPractice.csproj", "{6C2CE217-E825-4162-9E34-A3D5645BD338}"
EndProject
Global
	GlobalSection(SolutionConfigurationPlatforms) = preSolution
		Debug|Any CPU = Debug|Any CPU
		Release|Any CPU = Release|Any CPU
	EndGlobalSection
	GlobalSection(ProjectConfigurationPlatforms) = postSolution
		{6C2CE217-E825-4162-9E34-A3D5645BD338}.Debug|Any CPU.ActiveCfg = Debug|Any CPU
		{6C2CE217-E825-4162-9E34-A3D5645BD338}.Debug|Any CPU.Build.0 = Debug|Any CPU
		{6C2CE217-E825-4162-9E34-A3D5645BD338}.Release|Any CPU.ActiveCfg = Release|Any CPU
		{6C2CE217-E825-4162-9E34-A3D5645BD338}.Release|Any CPU.Build.0 = Release|Any CPU
	EndGlobalSection
	GlobalSection(SolutionProperties) = preSolution
		HideSolutionNode = FALSE
	EndGlobalSection
	GlobalSection(ExtensibilityGlobals) = postSolution
		SolutionGuid = {DE0B6FCE-71A0-4F9C-A320-80CFF48DA9CC}
	EndGlobalSection
EndGlobal
